
Microsoft Visual Studio Solution File, Format Version 12.00
# Visual Studio Version 16
VisualStudioVersion = 16.0.29613.14
MinimumVisualStudioVersion = 10.0.40219.1
Project("{FAE04EC0-301F-11D3-BF4B-00C04F79EFBC}") = "ZeroMQTest", "ZeroMQTest\ZeroMQTest.csproj", "{CBAAECAA-6CB1-4EAA-9295-42862867493D}"
EndProject
Project("{2150E333-8FDC-42A3-9474-1A3956D46DE8}") = "Echo", "Echo", "{B45459A1-D30F-40E9-81F0-D7E913A6BFA2}"
EndProject
Project("{FAE04EC0-301F-11D3-BF4B-00C04F79EFBC}") = "EchoServer", "EchoServer\EchoServer.csproj", "{0A4A5BA1-4FF2-426F-A706-4B683251C657}"
EndProject
Project("{FAE04EC0-301F-11D3-BF4B-00C04F79EFBC}") = "EchoClient", "EchoClient\EchoClient.csproj", "{164829E3-38DB-4D70-B62D-52E84652B382}"
EndProject
Project("{2150E333-8FDC-42A3-9474-1A3956D46DE8}") = "pub-sub", "pub-sub", "{C0EED037-AE94-4D3D-8334-A3619D09C8F2}"
EndProject
Project("{FAE04EC0-301F-11D3-BF4B-00C04F79EFBC}") = "Publisher", "Publisher\Publisher.csproj", "{A972F22B-FA63-4F40-9949-E44E764F63C4}"
EndProject
Project("{FAE04EC0-301F-11D3-BF4B-00C04F79EFBC}") = "Subscriber", "Subscriber\Subscriber.csproj", "{EC8CF17F-5A57-4786-9CF7-C08FB313C07D}"
EndProject
Project("{2150E333-8FDC-42A3-9474-1A3956D46DE8}") = "push-pull", "push-pull", "{7C59AC33-4F45-4D28-AADB-21797076FEBE}"
EndProject
Project("{FAE04EC0-301F-11D3-BF4B-00C04F79EFBC}") = "Ventilator", "Ventilator\Ventilator.csproj", "{E4694CA0-C99E-4DE5-940D-9D2D1674567C}"
EndProject
Project("{FAE04EC0-301F-11D3-BF4B-00C04F79EFBC}") = "Worker", "Worker\Worker.csproj", "{04C991FB-4F33-433E-AAA8-3A9380B688E5}"
EndProject
Project("{FAE04EC0-301F-11D3-BF4B-00C04F79EFBC}") = "Sink", "Sink\Sink.csproj", "{38414AD9-34E9-41E1-97CA-0CCD0E334D55}"
EndProject
Global
	GlobalSection(SolutionConfigurationPlatforms) = preSolution
		Debug|Any CPU = Debug|Any CPU
		Release|Any CPU = Release|Any CPU
	EndGlobalSection
	GlobalSection(ProjectConfigurationPlatforms) = postSolution
		{CBAAECAA-6CB1-4EAA-9295-42862867493D}.Debug|Any CPU.ActiveCfg = Debug|Any CPU
		{CBAAECAA-6CB1-4EAA-9295-42862867493D}.Debug|Any CPU.Build.0 = Debug|Any CPU
		{CBAAECAA-6CB1-4EAA-9295-42862867493D}.Release|Any CPU.ActiveCfg = Release|Any CPU
		{CBAAECAA-6CB1-4EAA-9295-42862867493D}.Release|Any CPU.Build.0 = Release|Any CPU
		{0A4A5BA1-4FF2-426F-A706-4B683251C657}.Debug|Any CPU.ActiveCfg = Debug|Any CPU
		{0A4A5BA1-4FF2-426F-A706-4B683251C657}.Debug|Any CPU.Build.0 = Debug|Any CPU
		{0A4A5BA1-4FF2-426F-A706-4B683251C657}.Release|Any CPU.ActiveCfg = Release|Any CPU
		{0A4A5BA1-4FF2-426F-A706-4B683251C657}.Release|Any CPU.Build.0 = Release|Any CPU
		{164829E3-38DB-4D70-B62D-52E84652B382}.Debug|Any CPU.ActiveCfg = Debug|Any CPU
		{164829E3-38DB-4D70-B62D-52E84652B382}.Debug|Any CPU.Build.0 = Debug|Any CPU
		{164829E3-38DB-4D70-B62D-52E84652B382}.Release|Any CPU.ActiveCfg = Release|Any CPU
		{164829E3-38DB-4D70-B62D-52E84652B382}.Release|Any CPU.Build.0 = Release|Any CPU
		{A972F22B-FA63-4F40-9949-E44E764F63C4}.Debug|Any CPU.ActiveCfg = Debug|Any CPU
		{A972F22B-FA63-4F40-9949-E44E764F63C4}.Debug|Any CPU.Build.0 = Debug|Any CPU
		{A972F22B-FA63-4F40-9949-E44E764F63C4}.Release|Any CPU.ActiveCfg = Release|Any CPU
		{A972F22B-FA63-4F40-9949-E44E764F63C4}.Release|Any CPU.Build.0 = Release|Any CPU
		{EC8CF17F-5A57-4786-9CF7-C08FB313C07D}.Debug|Any CPU.ActiveCfg = Debug|Any CPU
		{EC8CF17F-5A57-4786-9CF7-C08FB313C07D}.Debug|Any CPU.Build.0 = Debug|Any CPU
		{EC8CF17F-5A57-4786-9CF7-C08FB313C07D}.Release|Any CPU.ActiveCfg = Release|Any CPU
		{EC8CF17F-5A57-4786-9CF7-C08FB313C07D}.Release|Any CPU.Build.0 = Release|Any CPU
		{E4694CA0-C99E-4DE5-940D-9D2D1674567C}.Debug|Any CPU.ActiveCfg = Debug|Any CPU
		{E4694CA0-C99E-4DE5-940D-9D2D1674567C}.Debug|Any CPU.Build.0 = Debug|Any CPU
		{E4694CA0-C99E-4DE5-940D-9D2D1674567C}.Release|Any CPU.ActiveCfg = Release|Any CPU
		{E4694CA0-C99E-4DE5-940D-9D2D1674567C}.Release|Any CPU.Build.0 = Release|Any CPU
		{04C991FB-4F33-433E-AAA8-3A9380B688E5}.Debug|Any CPU.ActiveCfg = Debug|Any CPU
		{04C991FB-4F33-433E-AAA8-3A9380B688E5}.Debug|Any CPU.Build.0 = Debug|Any CPU
		{04C991FB-4F33-433E-AAA8-3A9380B688E5}.Release|Any CPU.ActiveCfg = Release|Any CPU
		{04C991FB-4F33-433E-AAA8-3A9380B688E5}.Release|Any CPU.Build.0 = Release|Any CPU
		{38414AD9-34E9-41E1-97CA-0CCD0E334D55}.Debug|Any CPU.ActiveCfg = Debug|Any CPU
		{38414AD9-34E9-41E1-97CA-0CCD0E334D55}.Debug|Any CPU.Build.0 = Debug|Any CPU
		{38414AD9-34E9-41E1-97CA-0CCD0E334D55}.Release|Any CPU.ActiveCfg = Release|Any CPU
		{38414AD9-34E9-41E1-97CA-0CCD0E334D55}.Release|Any CPU.Build.0 = Release|Any CPU
	EndGlobalSection
	GlobalSection(SolutionProperties) = preSolution
		HideSolutionNode = FALSE
	EndGlobalSection
	GlobalSection(NestedProjects) = preSolution
		{0A4A5BA1-4FF2-426F-A706-4B683251C657} = {B45459A1-D30F-40E9-81F0-D7E913A6BFA2}
		{164829E3-38DB-4D70-B62D-52E84652B382} = {B45459A1-D30F-40E9-81F0-D7E913A6BFA2}
		{A972F22B-FA63-4F40-9949-E44E764F63C4} = {C0EED037-AE94-4D3D-8334-A3619D09C8F2}
		{EC8CF17F-5A57-4786-9CF7-C08FB313C07D} = {C0EED037-AE94-4D3D-8334-A3619D09C8F2}
		{E4694CA0-C99E-4DE5-940D-9D2D1674567C} = {7C59AC33-4F45-4D28-AADB-21797076FEBE}
		{04C991FB-4F33-433E-AAA8-3A9380B688E5} = {7C59AC33-4F45-4D28-AADB-21797076FEBE}
		{38414AD9-34E9-41E1-97CA-0CCD0E334D55} = {7C59AC33-4F45-4D28-AADB-21797076FEBE}
	EndGlobalSection
	GlobalSection(ExtensibilityGlobals) = postSolution
		SolutionGuid = {6E7790E0-8D4D-4BDE-B53A-5688BA9E9BBF}
	EndGlobalSection
EndGlobal
